// !$*UTF8*$!
{
	archiveVersion = 1;
	classes = {
	};
	objectVersion = 55;
	objects = {

/* Begin PBXBuildFile section */
		65CAAF6C27E819C000DEC1EC /* HWS_WordScrambleApp.swift in Sources */ = {isa = PBXBuildFile; fileRef = 65CAAF5C27E819BF00DEC1EC /* HWS_WordScrambleApp.swift */; };
		65CAAF6D27E819C000DEC1EC /* HWS_WordScrambleApp.swift in Sources */ = {isa = PBXBuildFile; fileRef = 65CAAF5C27E819BF00DEC1EC /* HWS_WordScrambleApp.swift */; };
		65CAAF6E27E819C000DEC1EC /* ContentView.swift in Sources */ = {isa = PBXBuildFile; fileRef = 65CAAF5D27E819BF00DEC1EC /* ContentView.swift */; };
		65CAAF6F27E819C000DEC1EC /* ContentView.swift in Sources */ = {isa = PBXBuildFile; fileRef = 65CAAF5D27E819BF00DEC1EC /* ContentView.swift */; };
		65CAAF7027E819C000DEC1EC /* Assets.xcassets in Resources */ = {isa = PBXBuildFile; fileRef = 65CAAF5E27E819C000DEC1EC /* Assets.xcassets */; };
		65CAAF7127E819C000DEC1EC /* Assets.xcassets in Resources */ = {isa = PBXBuildFile; fileRef = 65CAAF5E27E819C000DEC1EC /* Assets.xcassets */; };
		65CAAF7B27EAB6BC00DEC1EC /* start.txt in Resources */ = {isa = PBXBuildFile; fileRef = 65CAAF7A27EAB6BC00DEC1EC /* start.txt */; };
		65CAAF7C27EAB6BC00DEC1EC /* start.txt in Resources */ = {isa = PBXBuildFile; fileRef = 65CAAF7A27EAB6BC00DEC1EC /* start.txt */; };
/* End PBXBuildFile section */

/* Begin PBXFileReference section */
		65CAAF5C27E819BF00DEC1EC /* HWS_WordScrambleApp.swift */ = {isa = PBXFileReference; lastKnownFileType = sourcecode.swift; path = HWS_WordScrambleApp.swift; sourceTree = "<group>"; };
		65CAAF5D27E819BF00DEC1EC /* ContentView.swift */ = {isa = PBXFileReference; lastKnownFileType = sourcecode.swift; path = ContentView.swift; sourceTree = "<group>"; };
		65CAAF5E27E819C000DEC1EC /* Assets.xcassets */ = {isa = PBXFileReference; lastKnownFileType = folder.assetcatalog; path = Assets.xcassets; sourceTree = "<group>"; };
		65CAAF6327E819C000DEC1EC /* HWS-WordScramble.app */ = {isa = PBXFileReference; explicitFileType = wrapper.application; includeInIndex = 0; path = "HWS-WordScramble.app"; sourceTree = BUILT_PRODUCTS_DIR; };
		65CAAF6927E819C000DEC1EC /* HWS-WordScramble.app */ = {isa = PBXFileReference; explicitFileType = wrapper.application; includeInIndex = 0; path = "HWS-WordScramble.app"; sourceTree = BUILT_PRODUCTS_DIR; };
		65CAAF6B27E819C000DEC1EC /* macOS.entitlements */ = {isa = PBXFileReference; lastKnownFileType = text.plist.entitlements; path = macOS.entitlements; sourceTree = "<group>"; };
		65CAAF7A27EAB6BC00DEC1EC /* start.txt */ = {isa = PBXFileReference; fileEncoding = 4; lastKnownFileType = text; path = start.txt; sourceTree = "<group>"; };
/* End PBXFileReference section */

/* Begin PBXFrameworksBuildPhase section */
		65CAAF6027E819C000DEC1EC /* Frameworks */ = {
			isa = PBXFrameworksBuildPhase;
			buildActionMask = 2147483647;
			files = (
			);
			runOnlyForDeploymentPostprocessing = 0;
		};
		65CAAF6627E819C000DEC1EC /* Frameworks */ = {
			isa = PBXFrameworksBuildPhase;
			buildActionMask = 2147483647;
			files = (
			);
			runOnlyForDeploymentPostprocessing = 0;
		};
/* End PBXFrameworksBuildPhase section */

/* Begin PBXGroup section */
		65CAAF5627E819BF00DEC1EC = {
			isa = PBXGroup;
			children = (
				65CAAF5B27E819BF00DEC1EC /* Shared */,
				65CAAF6A27E819C000DEC1EC /* macOS */,
				65CAAF6427E819C000DEC1EC /* Products */,
			);
			sourceTree = "<group>";
		};
		65CAAF5B27E819BF00DEC1EC /* Shared */ = {
			isa = PBXGroup;
			children = (
				65CAAF5C27E819BF00DEC1EC /* HWS_WordScrambleApp.swift */,
				65CAAF5D27E819BF00DEC1EC /* ContentView.swift */,
				65CAAF7A27EAB6BC00DEC1EC /* start.txt */,
				65CAAF5E27E819C000DEC1EC /* Assets.xcassets */,
			);
			path = Shared;
			sourceTree = "<group>";
		};
		65CAAF6427E819C000DEC1EC /* Products */ = {
			isa = PBXGroup;
			children = (
				65CAAF6327E819C000DEC1EC /* HWS-WordScramble.app */,
				65CAAF6927E819C000DEC1EC /* HWS-WordScramble.app */,
			);
			name = Products;
			sourceTree = "<group>";
		};
		65CAAF6A27E819C000DEC1EC /* macOS */ = {
			isa = PBXGroup;
			children = (
				65CAAF6B27E819C000DEC1EC /* macOS.entitlements */,
			);
			path = macOS;
			sourceTree = "<group>";
		};
/* End PBXGroup section */

/* Begin PBXNativeTarget section */
		65CAAF6227E819C000DEC1EC /* HWS-WordScramble (iOS) */ = {
			isa = PBXNativeTarget;
			buildConfigurationList = 65CAAF7427E819C000DEC1EC /* Build configuration list for PBXNativeTarget "HWS-WordScramble (iOS)" */;
			buildPhases = (
				65CAAF5F27E819C000DEC1EC /* Sources */,
				65CAAF6027E819C000DEC1EC /* Frameworks */,
				65CAAF6127E819C000DEC1EC /* Resources */,
			);
			buildRules = (
			);
			dependencies = (
			);
			name = "HWS-WordScramble (iOS)";
			productName = "HWS-WordScramble (iOS)";
			productReference = 65CAAF6327E819C000DEC1EC /* HWS-WordScramble.app */;
			productType = "com.apple.product-type.application";
		};
		65CAAF6827E819C000DEC1EC /* HWS-WordScramble (macOS) */ = {
			isa = PBXNativeTarget;
			buildConfigurationList = 65CAAF7727E819C000DEC1EC /* Build configuration list for PBXNativeTarget "HWS-WordScramble (macOS)" */;
			buildPhases = (
				65CAAF6527E819C000DEC1EC /* Sources */,
				65CAAF6627E819C000DEC1EC /* Frameworks */,
				65CAAF6727E819C000DEC1EC /* Resources */,
			);
			buildRules = (
			);
			dependencies = (
			);
			name = "HWS-WordScramble (macOS)";
			productName = "HWS-WordScramble (macOS)";
			productReference = 65CAAF6927E819C000DEC1EC /* HWS-WordScramble.app */;
			productType = "com.apple.product-type.application";
		};
/* End PBXNativeTarget section */

/* Begin PBXProject section */
		65CAAF5727E819BF00DEC1EC /* Project object */ = {
			isa = PBXProject;
			attributes = {
				BuildIndependentTargetsInParallel = 1;
				LastSwiftUpdateCheck = 1330;
				LastUpgradeCheck = 1330;
				TargetAttributes = {
					65CAAF6227E819C000DEC1EC = {
						CreatedOnToolsVersion = 13.3;
					};
					65CAAF6827E819C000DEC1EC = {
						CreatedOnToolsVersion = 13.3;
					};
				};
			};
			buildConfigurationList = 65CAAF5A27E819BF00DEC1EC /* Build configuration list for PBXProject "HWS-WordScramble" */;
			compatibilityVersion = "Xcode 13.0";
			developmentRegion = en;
			hasScannedForEncodings = 0;
			knownRegions = (
				en,
				Base,
			);
			mainGroup = 65CAAF5627E819BF00DEC1EC;
			productRefGroup = 65CAAF6427E819C000DEC1EC /* Products */;
			projectDirPath = "";
			projectRoot = "";
			targets = (
				65CAAF6227E819C000DEC1EC /* HWS-WordScramble (iOS) */,
				65CAAF6827E819C000DEC1EC /* HWS-WordScramble (macOS) */,
			);
		};
/* End PBXProject section */

/* Begin PBXResourcesBuildPhase section */
		65CAAF6127E819C000DEC1EC /* Resources */ = {
			isa = PBXResourcesBuildPhase;
			buildActionMask = 2147483647;
			files = (
				65CAAF7027E819C000DEC1EC /* Assets.xcassets in Resources */,
				65CAAF7B27EAB6BC00DEC1EC /* start.txt in Resources */,
			);
			runOnlyForDeploymentPostprocessing = 0;
		};
		65CAAF6727E819C000DEC1EC /* Resources */ = {
			isa = PBXResourcesBuildPhase;
			buildActionMask = 2147483647;
			files = (
				65CAAF7127E819C000DEC1EC /* Assets.xcassets in Resources */,
				65CAAF7C27EAB6BC00DEC1EC /* start.txt in Resources */,
			);
			runOnlyForDeploymentPostprocessing = 0;
		};
/* End PBXResourcesBuildPhase section */

/* Begin PBXSourcesBuildPhase section */
		65CAAF5F27E819C000DEC1EC /* Sources */ = {
			isa = PBXSourcesBuildPhase;
			buildActionMask = 2147483647;
			files = (
				65CAAF6E27E819C000DEC1EC /* ContentView.swift in Sources */,
				65CAAF6C27E819C000DEC1EC /* HWS_WordScrambleApp.swift in Sources */,
			);
			runOnlyForDeploymentPostprocessing = 0;
		};
		65CAAF6527E819C000DEC1EC /* Sources */ = {
			isa = PBXSourcesBuildPhase;
			buildActionMask = 2147483647;
			files = (
				65CAAF6F27E819C000DEC1EC /* ContentView.swift in Sources */,
				65CAAF6D27E819C000DEC1EC /* HWS_WordScrambleApp.swift in Sources */,
			);
			runOnlyForDeploymentPostprocessing = 0;
		};
/* End PBXSourcesBuildPhase section */

/* Begin XCBuildConfiguration section */
		65CAAF7227E819C000DEC1EC /* Debug */ = {
			isa = XCBuildConfiguration;
			buildSettings = {
				ALWAYS_SEARCH_USER_PATHS = NO;
				CLANG_ANALYZER_NONNULL = YES;
				CLANG_ANALYZER_NUMBER_OBJECT_CONVERSION = YES_AGGRESSIVE;
				CLANG_CXX_LANGUAGE_STANDARD = "gnu++17";
				CLANG_ENABLE_MODULES = YES;
				CLANG_ENABLE_OBJC_ARC = YES;
				CLANG_ENABLE_OBJC_WEAK = YES;
				CLANG_WARN_BLOCK_CAPTURE_AUTORELEASING = YES;
				CLANG_WARN_BOOL_CONVERSION = YES;
				CLANG_WARN_COMMA = YES;
				CLANG_WARN_CONSTANT_CONVERSION = YES;
				CLANG_WARN_DEPRECATED_OBJC_IMPLEMENTATIONS = YES;
				CLANG_WARN_DIRECT_OBJC_ISA_USAGE = YES_ERROR;
				CLANG_WARN_DOCUMENTATION_COMMENTS = YES;
				CLANG_WARN_EMPTY_BODY = YES;
				CLANG_WARN_ENUM_CONVERSION = YES;
				CLANG_WARN_INFINITE_RECURSION = YES;
				CLANG_WARN_INT_CONVERSION = YES;
				CLANG_WARN_NON_LITERAL_NULL_CONVERSION = YES;
				CLANG_WARN_OBJC_IMPLICIT_RETAIN_SELF = YES;
				CLANG_WARN_OBJC_LITERAL_CONVERSION = YES;
				CLANG_WARN_OBJC_ROOT_CLASS = YES_ERROR;
				CLANG_WARN_QUOTED_INCLUDE_IN_FRAMEWORK_HEADER = YES;
				CLANG_WARN_RANGE_LOOP_ANALYSIS = YES;
				CLANG_WARN_STRICT_PROTOTYPES = YES;
				CLANG_WARN_SUSPICIOUS_MOVE = YES;
				CLANG_WARN_UNGUARDED_AVAILABILITY = YES_AGGRESSIVE;
				CLANG_WARN_UNREACHABLE_CODE = YES;
				CLANG_WARN__DUPLICATE_METHOD_MATCH = YES;
				COPY_PHASE_STRIP = NO;
				DEBUG_INFORMATION_FORMAT = dwarf;
				ENABLE_STRICT_OBJC_MSGSEND = YES;
				ENABLE_TESTABILITY = YES;
				GCC_C_LANGUAGE_STANDARD = gnu11;
				GCC_DYNAMIC_NO_PIC = NO;
				GCC_NO_COMMON_BLOCKS = YES;
				GCC_OPTIMIZATION_LEVEL = 0;
				GCC_PREPROCESSOR_DEFINITIONS = (
					"DEBUG=1",
					"$(inherited)",
				);
				GCC_WARN_64_TO_32_BIT_CONVERSION = YES;
				GCC_WARN_ABOUT_RETURN_TYPE = YES_ERROR;
				GCC_WARN_UNDECLARED_SELECTOR = YES;
				GCC_WARN_UNINITIALIZED_AUTOS = YES_AGGRESSIVE;
				GCC_WARN_UNUSED_FUNCTION = YES;
				GCC_WARN_UNUSED_VARIABLE = YES;
				MTL_ENABLE_DEBUG_INFO = INCLUDE_SOURCE;
				MTL_FAST_MATH = YES;
				ONLY_ACTIVE_ARCH = YES;
				SWIFT_ACTIVE_COMPILATION_CONDITIONS = DEBUG;
				SWIFT_OPTIMIZATION_LEVEL = "-Onone";
			};
			name = Debug;
		};
		65CAAF7327E819C000DEC1EC /* Release */ = {
			isa = XCBuildConfiguration;
			buildSettings = {
				ALWAYS_SEARCH_USER_PATHS = NO;
				CLANG_ANALYZER_NONNULL = YES;
				CLANG_ANALYZER_NUMBER_OBJECT_CONVERSION = YES_AGGRESSIVE;
				CLANG_CXX_LANGUAGE_STANDARD = "gnu++17";
				CLANG_ENABLE_MODULES = YES;
				CLANG_ENABLE_OBJC_ARC = YES;
				CLANG_ENABLE_OBJC_WEAK = YES;
				CLANG_WARN_BLOCK_CAPTURE_AUTORELEASING = YES;
				CLANG_WARN_BOOL_CONVERSION = YES;
				CLANG_WARN_COMMA = YES;
				CLANG_WARN_CONSTANT_CONVERSION = YES;
				CLANG_WARN_DEPRECATED_OBJC_IMPLEMENTATIONS = YES;
				CLANG_WARN_DIRECT_OBJC_ISA_USAGE = YES_ERROR;
				CLANG_WARN_DOCUMENTATION_COMMENTS = YES;
				CLANG_WARN_EMPTY_BODY = YES;
				CLANG_WARN_ENUM_CONVERSION = YES;
				CLANG_WARN_INFINITE_RECURSION = YES;
				CLANG_WARN_INT_CONVERSION = YES;
				CLANG_WARN_NON_LITERAL_NULL_CONVERSION = YES;
				CLANG_WARN_OBJC_IMPLICIT_RETAIN_SELF = YES;
				CLANG_WARN_OBJC_LITERAL_CONVERSION = YES;
				CLANG_WARN_OBJC_ROOT_CLASS = YES_ERROR;
				CLANG_WARN_QUOTED_INCLUDE_IN_FRAMEWORK_HEADER = YES;
				CLANG_WARN_RANGE_LOOP_ANALYSIS = YES;
				CLANG_WARN_STRICT_PROTOTYPES = YES;
				CLANG_WARN_SUSPICIOUS_MOVE = YES;
				CLANG_WARN_UNGUARDED_AVAILABILITY = YES_AGGRESSIVE;
				CLANG_WARN_UNREACHABLE_CODE = YES;
				CLANG_WARN__DUPLICATE_METHOD_MATCH = YES;
				COPY_PHASE_STRIP = NO;
				DEBUG_INFORMATION_FORMAT = "dwarf-with-dsym";
				ENABLE_NS_ASSERTIONS = NO;
				ENABLE_STRICT_OBJC_MSGSEND = YES;
				GCC_C_LANGUAGE_STANDARD = gnu11;
				GCC_NO_COMMON_BLOCKS = YES;
				GCC_WARN_64_TO_32_BIT_CONVERSION = YES;
				GCC_WARN_ABOUT_RETURN_TYPE = YES_ERROR;
				GCC_WARN_UNDECLARED_SELECTOR = YES;
				GCC_WARN_UNINITIALIZED_AUTOS = YES_AGGRESSIVE;
				GCC_WARN_UNUSED_FUNCTION = YES;
				GCC_WARN_UNUSED_VARIABLE = YES;
				MTL_ENABLE_DEBUG_INFO = NO;
				MTL_FAST_MATH = YES;
				SWIFT_COMPILATION_MODE = wholemodule;
				SWIFT_OPTIMIZATION_LEVEL = "-O";
			};
			name = Release;
		};
		65CAAF7527E819C000DEC1EC /* Debug */ = {
			isa = XCBuildConfiguration;
			buildSettings = {
				ASSETCATALOG_COMPILER_APPICON_NAME = AppIcon;
				ASSETCATALOG_COMPILER_GLOBAL_ACCENT_COLOR_NAME = AccentColor;
				CODE_SIGN_STYLE = Automatic;
				CURRENT_PROJECT_VERSION = 1;
				DEVELOPMENT_TEAM = YP9A8HH9G6;
				ENABLE_PREVIEWS = YES;
				GENERATE_INFOPLIST_FILE = YES;
				INFOPLIST_KEY_UIApplicationSceneManifest_Generation = YES;
				INFOPLIST_KEY_UIApplicationSupportsIndirectInputEvents = YES;
				INFOPLIST_KEY_UILaunchScreen_Generation = YES;
				INFOPLIST_KEY_UISupportedInterfaceOrientations_iPad = "UIInterfaceOrientationPortrait UIInterfaceOrientationPortraitUpsideDown UIInterfaceOrientationLandscapeLeft UIInterfaceOrientationLandscapeRight";
				INFOPLIST_KEY_UISupportedInterfaceOrientations_iPhone = "UIInterfaceOrientationPortrait UIInterfaceOrientationLandscapeLeft UIInterfaceOrientationLandscapeRight";
				IPHONEOS_DEPLOYMENT_TARGET = 15.4;
				LD_RUNPATH_SEARCH_PATHS = (
					"$(inherited)",
					"@executable_path/Frameworks",
				);
				MARKETING_VERSION = 1.0;
				PRODUCT_BUNDLE_IDENTIFIER = "leon.HWS-WordScramble";
				PRODUCT_NAME = "HWS-WordScramble";
				SDKROOT = iphoneos;
				SWIFT_EMIT_LOC_STRINGS = YES;
				SWIFT_VERSION = 5.0;
				TARGETED_DEVICE_FAMILY = "1,2";
			};
			name = Debug;
		};
		65CAAF7627E819C000DEC1EC /* Release */ = {
			isa = XCBuildConfiguration;
			buildSettings = {
				ASSETCATALOG_COMPILER_APPICON_NAME = AppIcon;
				ASSETCATALOG_COMPILER_GLOBAL_ACCENT_COLOR_NAME = AccentColor;
				CODE_SIGN_STYLE = Automatic;
				CURRENT_PROJECT_VERSION = 1;
				DEVELOPMENT_TEAM = YP9A8HH9G6;
				ENABLE_PREVIEWS = YES;
				GENERATE_INFOPLIST_FILE = YES;
				INFOPLIST_KEY_UIApplicationSceneManifest_Generation = YES;
				INFOPLIST_KEY_UIApplicationSupportsIndirectInputEvents = YES;
				INFOPLIST_KEY_UILaunchScreen_Generation = YES;
				INFOPLIST_KEY_UISupportedInterfaceOrientations_iPad = "UIInterfaceOrientationPortrait UIInterfaceOrientationPortraitUpsideDown UIInterfaceOrientationLandscapeLeft UIInterfaceOrientationLandscapeRight";
				INFOPLIST_KEY_UISupportedInterfaceOrientations_iPhone = "UIInterfaceOrientationPortrait UIInterfaceOrientationLandscapeLeft UIInterfaceOrientationLandscapeRight";
				IPHONEOS_DEPLOYMENT_TARGET = 15.4;
				LD_RUNPATH_SEARCH_PATHS = (
					"$(inherited)",
					"@executable_path/Frameworks",
				);
				MARKETING_VERSION = 1.0;
				PRODUCT_BUNDLE_IDENTIFIER = "leon.HWS-WordScramble";
				PRODUCT_NAME = "HWS-WordScramble";
				SDKROOT = iphoneos;
				SWIFT_EMIT_LOC_STRINGS = YES;
				SWIFT_VERSION = 5.0;
				TARGETED_DEVICE_FAMILY = "1,2";
				VALIDATE_PRODUCT = YES;
			};
			name = Release;
		};
		65CAAF7827E819C000DEC1EC /* Debug */ = {
			isa = XCBuildConfiguration;
			buildSettings = {
				ASSETCATALOG_COMPILER_APPICON_NAME = AppIcon;
				ASSETCATALOG_COMPILER_GLOBAL_ACCENT_COLOR_NAME = AccentColor;
				CODE_SIGN_ENTITLEMENTS = macOS/macOS.entitlements;
				CODE_SIGN_STYLE = Automatic;
				COMBINE_HIDPI_IMAGES = YES;
				CURRENT_PROJECT_VERSION = 1;
				DEVELOPMENT_TEAM = YP9A8HH9G6;
				ENABLE_HARDENED_RUNTIME = YES;
				ENABLE_PREVIEWS = YES;
				GENERATE_INFOPLIST_FILE = YES;
				INFOPLIST_KEY_NSHumanReadableCopyright = "";
				LD_RUNPATH_SEARCH_PATHS = (
					"$(inherited)",
					"@executable_path/../Frameworks",
				);
				MACOSX_DEPLOYMENT_TARGET = 12.3;
				MARKETING_VERSION = 1.0;
				PRODUCT_BUNDLE_IDENTIFIER = "leon.HWS-WordScramble";
				PRODUCT_NAME = "HWS-WordScramble";
				SDKROOT = macosx;
				SWIFT_EMIT_LOC_STRINGS = YES;
				SWIFT_VERSION = 5.0;
			};
			name = Debug;
		};
		65CAAF7927E819C000DEC1EC /* Release */ = {
			isa = XCBuildConfiguration;
			buildSettings = {
				ASSETCATALOG_COMPILER_APPICON_NAME = AppIcon;
				ASSETCATALOG_COMPILER_GLOBAL_ACCENT_COLOR_NAME = AccentColor;
				CODE_SIGN_ENTITLEMENTS = macOS/macOS.entitlements;
				CODE_SIGN_STYLE = Automatic;
				COMBINE_HIDPI_IMAGES = YES;
				CURRENT_PROJECT_VERSION = 1;
				DEVELOPMENT_TEAM = YP9A8HH9G6;
				ENABLE_HARDENED_RUNTIME = YES;
				ENABLE_PREVIEWS = YES;
				GENERATE_INFOPLIST_FILE = YES;
				INFOPLIST_KEY_NSHumanReadableCopyright = "";
				LD_RUNPATH_SEARCH_PATHS = (
					"$(inherited)",
					"@executable_path/../Frameworks",
				);
				MACOSX_DEPLOYMENT_TARGET = 12.3;
				MARKETING_VERSION = 1.0;
				PRODUCT_BUNDLE_IDENTIFIER = "leon.HWS-WordScramble";
				PRODUCT_NAME = "HWS-WordScramble";
				SDKROOT = macosx;
				SWIFT_EMIT_LOC_STRINGS = YES;
				SWIFT_VERSION = 5.0;
			};
			name = Release;
		};
/* End XCBuildConfiguration section */

/* Begin XCConfigurationList section */
		65CAAF5A27E819BF00DEC1EC /* Build configuration list for PBXProject "HWS-WordScramble" */ = {
			isa = XCConfigurationList;
			buildConfigurations = (
				65CAAF7227E819C000DEC1EC /* Debug */,
				65CAAF7327E819C000DEC1EC /* Release */,
			);
			defaultConfigurationIsVisible = 0;
			defaultConfigurationName = Release;
		};
		65CAAF7427E819C000DEC1EC /* Build configuration list for PBXNativeTarget "HWS-WordScramble (iOS)" */ = {
			isa = XCConfigurationList;
			buildConfigurations = (
				65CAAF7527E819C000DEC1EC /* Debug */,
				65CAAF7627E819C000DEC1EC /* Release */,
			);
			defaultConfigurationIsVisible = 0;
			defaultConfigurationName = Release;
		};
		65CAAF7727E819C000DEC1EC /* Build configuration list for PBXNativeTarget "HWS-WordScramble (macOS)" */ = {
			isa = XCConfigurationList;
			buildConfigurations = (
				65CAAF7827E819C000DEC1EC /* Debug */,
				65CAAF7927E819C000DEC1EC /* Release */,
			);
			defaultConfigurationIsVisible = 0;
			defaultConfigurationName = Release;
		};
/* End XCConfigurationList section */
	};
	rootObject = 65CAAF5727E819BF00DEC1EC /* Project object */;
}
